{
  "name": "@awasm/noble",
  "version": "0.1.3",
  "lockfileVersion": 3,
  "requires": true,
  "packages": {
    "": {
      "name": "@awasm/noble",
      "version": "0.1.3",
      "license": "MIT",
      "devDependencies": {
        "@awasm/compiler": "0.1.3",
        "@noble/ciphers": "~2.2.0",
        "@noble/hashes": "~2.2.0",
        "@paulmillr/jsbt": "0.5.0",
        "@scure/base": "2.2.0",
        "fast-check": "4.2.0",
        "prettier": "3.6.2",
        "typescript": "6.0.2"
      },
      "engines": {
        "node": ">= 22.22.0"
      },
      "funding": {
        "url": "https://paulmillr.com/funding/"
      },
      "peerDependencies": {
        "@awasm/compiler": "0.1.3",
        "@noble/ciphers": "~2.2.0",
        "@noble/hashes": "~2.2.0"
      },
      "peerDependenciesMeta": {
        "@awasm/compiler": {
          "optional": true
        },
        "@noble/ciphers": {
          "optional": true
        },
        "@noble/hashes": {
          "optional": true
        }
      }
    },
    "node_modules/@awasm/compiler": {
      "version": "0.1.3",
      "resolved": "https://registry.npmjs.org/@awasm/compiler/-/compiler-0.1.3.tgz",
      "integrity": "sha512-Rn2RPOi4QT1fDzTcT12oVNzwMTP+AXEAL6cW6z0tVAMxtqXRR9TmthBRUVSD7wkTnEKMu5xQ8lCAuiQ1cemixA==",
      "dev": true,
      "license": "MIT",
      "dependencies": {
        "@scure/base": "2.2.0",
        "micro-packed": "0.9.0"
      },
      "engines": {
        "node": ">= 22.22.0"
      },
      "funding": {
        "url": "https://paulmillr.com/funding/"
      }
    },
    "node_modules/@noble/ciphers": {
      "version": "2.2.0",
      "resolved": "https://registry.npmjs.org/@noble/ciphers/-/ciphers-2.2.0.tgz",
      "integrity": "sha512-Z6pjIZ/8IJcCGzb2S/0Px5J81yij85xASuk1teLNeg75bfT07MV3a/O2Mtn1I2se43k3lkVEcFaR10N4cgQcZA==",
      "dev": true,
      "license": "MIT",
      "engines": {
        "node": ">= 20.19.0"
      },
      "funding": {
        "url": "https://paulmillr.com/funding/"
      }
    },
    "node_modules/@noble/hashes": {
      "version": "2.2.0",
      "resolved": "https://registry.npmjs.org/@noble/hashes/-/hashes-2.2.0.tgz",
      "integrity": "sha512-IYqDGiTXab6FniAgnSdZwgWbomxpy9FtYvLKs7wCUs2a8RkITG+DFGO1DM9cr+E3/RgADRpFjrKVaJ1z6sjtEg==",
      "dev": true,
      "license": "MIT",
      "engines": {
        "node": ">= 20.19.0"
      },
      "funding": {
        "url": "https://paulmillr.com/funding/"
      }
    },
    "node_modules/@paulmillr/jsbt": {
      "version": "0.5.0",
      "resolved": "https://registry.npmjs.org/@paulmillr/jsbt/-/jsbt-0.5.0.tgz",
      "integrity": "sha512-rJwIJ/DJ6PNafw74qYOnbZookNRKtQkqw62gS5vvQyS8YvZ8C/U10jSD93XTFkMG8+k3jVL7kaghLYZ7ES7UrA==",
      "dev": true,
      "license": "MIT",
      "bin": {
        "jsbt": "jsbt.bin.js"
      }
    },
    "node_modules/@scure/base": {
      "version": "2.2.0",
      "resolved": "https://registry.npmjs.org/@scure/base/-/base-2.2.0.tgz",
      "integrity": "sha512-b8XEupJibegiXV+tDUseI8oLQc8ei3d/4Jkb2RpbHh3MfE054ov3uIz2dhFkB3FI8iwYkEh0gGCApkrYggkPNg==",
      "dev": true,
      "license": "MIT",
      "funding": {
        "url": "https://paulmillr.com/funding/"
      }
    },
    "node_modules/fast-check": {
      "version": "4.2.0",
      "resolved": "https://registry.npmjs.org/fast-check/-/fast-check-4.2.0.tgz",
      "integrity": "sha512-buxrKEaSseOwFjt6K1REcGMeFOrb0wk3cXifeMAG8yahcE9kV20PjQn1OdzPGL6OBFTbYXfjleNBARf/aCfV1A==",
      "dev": true,
      "funding": [
        {
          "type": "individual",
          "url": "https://github.com/sponsors/dubzzz"
        },
        {
          "type": "opencollective",
          "url": "https://opencollective.com/fast-check"
        }
      ],
      "license": "MIT",
      "dependencies": {
        "pure-rand": "^7.0.0"
      },
      "engines": {
        "node": ">=12.17.0"
      }
    },
    "node_modules/micro-packed": {
      "version": "0.9.0",
      "resolved": "https://registry.npmjs.org/micro-packed/-/micro-packed-0.9.0.tgz",
      "integrity": "sha512-gFdaWTxEXOwtSOcpxulO4AuXVtp3HWIRmB8eq8+3m1Zku0ubgva0UGpi03YhcvsTJasHngG9gTIUK5kHNKdesg==",
      "dev": true,
      "license": "MIT",
      "dependencies": {
        "@scure/base": "~2.2.0"
      },
      "engines": {
        "node": ">= 20.19.0"
      },
      "funding": {
        "url": "https://paulmillr.com/funding/"
      }
    },
    "node_modules/prettier": {
      "version": "3.6.2",
      "resolved": "https://registry.npmjs.org/prettier/-/prettier-3.6.2.tgz",
      "integrity": "sha512-I7AIg5boAr5R0FFtJ6rCfD+LFsWHp81dolrFD8S79U9tb8Az2nGrJncnMSnys+bpQJfRUzqs9hnA81OAA3hCuQ==",
      "dev": true,
      "license": "MIT",
      "bin": {
        "prettier": "bin/prettier.cjs"
      },
      "engines": {
        "node": ">=14"
      },
      "funding": {
        "url": "https://github.com/prettier/prettier?sponsor=1"
      }
    },
    "node_modules/pure-rand": {
      "version": "7.0.1",
      "resolved": "https://registry.npmjs.org/pure-rand/-/pure-rand-7.0.1.tgz",
      "integrity": "sha512-oTUZM/NAZS8p7ANR3SHh30kXB+zK2r2BPcEn/awJIbOvq82WoMN4p62AWWp3Hhw50G0xMsw1mhIBLqHw64EcNQ==",
      "dev": true,
      "funding": [
        {
          "type": "individual",
          "url": "https://github.com/sponsors/dubzzz"
        },
        {
          "type": "opencollective",
          "url": "https://opencollective.com/fast-check"
        }
      ],
      "license": "MIT"
    },
    "node_modules/typescript": {
      "version": "6.0.2",
      "resolved": "https://registry.npmjs.org/typescript/-/typescript-6.0.2.tgz",
      "integrity": "sha512-bGdAIrZ0wiGDo5l8c++HWtbaNCWTS4UTv7RaTH/ThVIgjkveJt83m74bBHMJkuCbslY8ixgLBVZJIOiQlQTjfQ==",
      "dev": true,
      "license": "Apache-2.0",
      "bin": {
        "tsc": "bin/tsc",
        "tsserver": "bin/tsserver"
      },
      "engines": {
        "node": ">=14.17"
      }
    }
  }
}
